
Microsoft Visual Studio Solution File, Format Version 12.00
# Visual Studio 15
VisualStudioVersion = 15.0.28307.1231
MinimumVisualStudioVersion = 10.0.40219.1
Project("{FAE04EC0-301F-11D3-BF4B-00C04F79EFBC}") = "BackendPractice", "BackendPractice\BackendPractice.csproj", "{8BDEF120-B58D-4AF2-9EDA-33D5192D75BA}"
EndProject
Global
	GlobalSection(SolutionConfigurationPlatforms) = preSolution
		Debug|Any CPU = Debug|Any CPU
		Release|Any CPU = Release|Any CPU
	EndGlobalSection
	GlobalSection(ProjectConfigurationPlatforms) = postSolution
		{8BDEF120-B58D-4AF2-9EDA-33D5192D75BA}.Debug|Any CPU.ActiveCfg = Debug|Any CPU
		{8BDEF120-B58D-4AF2-9EDA-33D5192D75BA}.Debug|Any CPU.Build.0 = Debug|Any CPU
		{8BDEF120-B58D-4AF2-9EDA-33D5192D75BA}.Release|Any CPU.ActiveCfg = Release|Any CPU
		{8BDEF120-B58D-4AF2-9EDA-33D5192D75BA}.Release|Any CPU.Build.0 = Release|Any CPU
	EndGlobalSection
	GlobalSection(SolutionProperties) = preSolution
		HideSolutionNode = FALSE
	EndGlobalSection
	GlobalSection(ExtensibilityGlobals) = postSolution
		SolutionGuid = {A95E25C1-74B5-44A0-8277-AB649D2BEE97}
	EndGlobalSection
EndGlobal
